
Microsoft Visual Studio Solution File, Format Version 12.00
# Visual Studio Version 16
VisualStudioVersion = 16.0.30114.105
MinimumVisualStudioVersion = 10.0.40219.1
Project("{FAE04EC0-301F-11D3-BF4B-00C04F79EFBC}") = "Greeting.Commands", "Commands\Greeting.Commands.csproj", "{5AD037C0-5666-4C87-B5E5-7D9810DAE6B5}"
EndProject
Global
	GlobalSection(SolutionConfigurationPlatforms) = preSolution
		Debug|Any CPU = Debug|Any CPU
		Release|Any CPU = Release|Any CPU
	EndGlobalSection
	GlobalSection(SolutionProperties) = preSolution
		HideSolutionNode = FALSE
	EndGlobalSection
	GlobalSection(ProjectConfigurationPlatforms) = postSolution
		{BE13A734-79DC-4645-8AEE-0AFEB61FC3A5}.Debug|Any CPU.ActiveCfg = Debug|Any CPU
		{BE13A734-79DC-4645-8AEE-0AFEB61FC3A5}.Debug|Any CPU.Build.0 = Debug|Any CPU
		{BE13A734-79DC-4645-8AEE-0AFEB61FC3A5}.Release|Any CPU.ActiveCfg = Release|Any CPU
		{BE13A734-79DC-4645-8AEE-0AFEB61FC3A5}.Release|Any CPU.Build.0 = Release|Any CPU
		{5AD037C0-5666-4C87-B5E5-7D9810DAE6B5}.Debug|Any CPU.ActiveCfg = Debug|Any CPU
		{5AD037C0-5666-4C87-B5E5-7D9810DAE6B5}.Debug|Any CPU.Build.0 = Debug|Any CPU
		{5AD037C0-5666-4C87-B5E5-7D9810DAE6B5}.Release|Any CPU.ActiveCfg = Release|Any CPU
		{5AD037C0-5666-4C87-B5E5-7D9810DAE6B5}.Release|Any CPU.Build.0 = Release|Any CPU
	EndGlobalSection
EndGlobal
